
Microsoft Visual Studio Solution File, Format Version 12.00
# Visual Studio Version 16
VisualStudioVersion = 16.0.31005.135
MinimumVisualStudioVersion = 10.0.40219.1
Project("{FAE04EC0-301F-11D3-BF4B-00C04F79EFBC}") = "DemoBranch.Webapp", "DemoBranch.Webapp\DemoBranch.Webapp.csproj", "{13E235E7-4F7E-47D4-BF10-CDAAA4DD4FBD}"
EndProject
Global
	GlobalSection(SolutionConfigurationPlatforms) = preSolution
		Debug|Any CPU = Debug|Any CPU
		Release|Any CPU = Release|Any CPU
	EndGlobalSection
	GlobalSection(ProjectConfigurationPlatforms) = postSolution
		{13E235E7-4F7E-47D4-BF10-CDAAA4DD4FBD}.Debug|Any CPU.ActiveCfg = Debug|Any CPU
		{13E235E7-4F7E-47D4-BF10-CDAAA4DD4FBD}.Debug|Any CPU.Build.0 = Debug|Any CPU
		{13E235E7-4F7E-47D4-BF10-CDAAA4DD4FBD}.Release|Any CPU.ActiveCfg = Release|Any CPU
		{13E235E7-4F7E-47D4-BF10-CDAAA4DD4FBD}.Release|Any CPU.Build.0 = Release|Any CPU
	EndGlobalSection
	GlobalSection(SolutionProperties) = preSolution
		HideSolutionNode = FALSE
	EndGlobalSection
	GlobalSection(ExtensibilityGlobals) = postSolution
		SolutionGuid = {3E06AA41-EE47-4D1F-B86E-BA67D7608CA4}
	EndGlobalSection
EndGlobal
